// !$*UTF8*$!
{
	archiveVersion = 1;
	classes = {
	};
	objectVersion = 46;
	objects = {

/* Begin PBXBuildFile section */
		477889F684FCABF49203857A /* libPods-XDSThirdParty.a in Frameworks */ = {isa = PBXBuildFile; fileRef = 910CC6469133200DA84FADA7 /* libPods-XDSThirdParty.a */; };
		A269A01C1E0153140083B333 /* main.m in Sources */ = {isa = PBXBuildFile; fileRef = A269A01B1E0153140083B333 /* main.m */; };
		A269A01F1E0153140083B333 /* AppDelegate.m in Sources */ = {isa = PBXBuildFile; fileRef = A269A01E1E0153140083B333 /* AppDelegate.m */; };
		A269A0251E0153140083B333 /* Main.storyboard in Resources */ = {isa = PBXBuildFile; fileRef = A269A0231E0153140083B333 /* Main.storyboard */; };
		A269A0271E0153140083B333 /* Assets.xcassets in Resources */ = {isa = PBXBuildFile; fileRef = A269A0261E0153140083B333 /* Assets.xcassets */; };
		A269A02A1E0153140083B333 /* LaunchScreen.storyboard in Resources */ = {isa = PBXBuildFile; fileRef = A269A0281E0153140083B333 /* LaunchScreen.storyboard */; };
		A269A0371E0154350083B333 /* MainTableViewController.m in Sources */ = {isa = PBXBuildFile; fileRef = A269A0361E0154350083B333 /* MainTableViewController.m */; };
		A269A03A1E0155540083B333 /* iCarouselViewController.m in Sources */ = {isa = PBXBuildFile; fileRef = A269A0391E0155540083B333 /* iCarouselViewController.m */; };
		A2A2F0A91E01772A0006BD5B /* iCarouselTableView.m in Sources */ = {isa = PBXBuildFile; fileRef = A2A2F0A81E01772A0006BD5B /* iCarouselTableView.m */; };
		A2A2F0AC1E017FCB0006BD5B /* AndroidFragementViewController.m in Sources */ = {isa = PBXBuildFile; fileRef = A2A2F0AB1E017FCB0006BD5B /* AndroidFragementViewController.m */; };
		A2A2F0AF1E019B880006BD5B /* MultiTaskManagerViewController.m in Sources */ = {isa = PBXBuildFile; fileRef = A2A2F0AE1E019B880006BD5B /* MultiTaskManagerViewController.m */; };
		A2A2F0BE1E01A5400006BD5B /* 0.jpg in Resources */ = {isa = PBXBuildFile; fileRef = A2A2F0B11E01A5400006BD5B /* 0.jpg */; };
		A2A2F0BF1E01A5400006BD5B /* 1.jpg in Resources */ = {isa = PBXBuildFile; fileRef = A2A2F0B21E01A5400006BD5B /* 1.jpg */; };
		A2A2F0C01E01A5400006BD5B /* 10.jpg in Resources */ = {isa = PBXBuildFile; fileRef = A2A2F0B31E01A5400006BD5B /* 10.jpg */; };
		A2A2F0C11E01A5400006BD5B /* 11.jpg in Resources */ = {isa = PBXBuildFile; fileRef = A2A2F0B41E01A5400006BD5B /* 11.jpg */; };
		A2A2F0C21E01A5400006BD5B /* 12.jpg in Resources */ = {isa = PBXBuildFile; fileRef = A2A2F0B51E01A5400006BD5B /* 12.jpg */; };
		A2A2F0C31E01A5400006BD5B /* 2.jpg in Resources */ = {isa = PBXBuildFile; fileRef = A2A2F0B61E01A5400006BD5B /* 2.jpg */; };
		A2A2F0C41E01A5400006BD5B /* 3.jpg in Resources */ = {isa = PBXBuildFile; fileRef = A2A2F0B71E01A5400006BD5B /* 3.jpg */; };
		A2A2F0C51E01A5400006BD5B /* 4.jpg in Resources */ = {isa = PBXBuildFile; fileRef = A2A2F0B81E01A5400006BD5B /* 4.jpg */; };
		A2A2F0C61E01A5400006BD5B /* 5.jpg in Resources */ = {isa = PBXBuildFile; fileRef = A2A2F0B91E01A5400006BD5B /* 5.jpg */; };
		A2A2F0C71E01A5400006BD5B /* 6.jpg in Resources */ = {isa = PBXBuildFile; fileRef = A2A2F0BA1E01A5400006BD5B /* 6.jpg */; };
		A2A2F0C81E01A5400006BD5B /* 7.jpg in Resources */ = {isa = PBXBuildFile; fileRef = A2A2F0BB1E01A5400006BD5B /* 7.jpg */; };
		A2A2F0C91E01A5400006BD5B /* 8.jpg in Resources */ = {isa = PBXBuildFile; fileRef = A2A2F0BC1E01A5400006BD5B /* 8.jpg */; };
		A2A2F0CA1E01A5400006BD5B /* 9.jpg in Resources */ = {isa = PBXBuildFile; fileRef = A2A2F0BD1E01A5400006BD5B /* 9.jpg */; };
		A2A2F0D31E02450C0006BD5B /* UIView+Common.m in Sources */ = {isa = PBXBuildFile; fileRef = A2A2F0D21E02450C0006BD5B /* UIView+Common.m */; };
		A2A2F0D61E0246A70006BD5B /* EaseBlankPageView.m in Sources */ = {isa = PBXBuildFile; fileRef = A2A2F0D51E0246A70006BD5B /* EaseBlankPageView.m */; };
		A2A2F0DE1E024A920006BD5B /* blankpage_button_reload@2x.png in Resources */ = {isa = PBXBuildFile; fileRef = A2A2F0DA1E024A920006BD5B /* blankpage_button_reload@2x.png */; };
		A2A2F0DF1E024A920006BD5B /* blankpage_image_Hi@2x.png in Resources */ = {isa = PBXBuildFile; fileRef = A2A2F0DB1E024A920006BD5B /* blankpage_image_Hi@2x.png */; };
		A2A2F0E01E024A920006BD5B /* blankpage_image_loadFail@2x.png in Resources */ = {isa = PBXBuildFile; fileRef = A2A2F0DC1E024A920006BD5B /* blankpage_image_loadFail@2x.png */; };
		A2A2F0E11E024A920006BD5B /* blankpage_image_Sleep@2x.png in Resources */ = {isa = PBXBuildFile; fileRef = A2A2F0DD1E024A920006BD5B /* blankpage_image_Sleep@2x.png */; };
		A2BFC3A21E02CE0F0060C191 /* UIPlaceHolderTextView.m in Sources */ = {isa = PBXBuildFile; fileRef = A2BFC3A11E02CE0F0060C191 /* UIPlaceHolderTextView.m */; };
		A2BFC3A51E02D0C50060C191 /* EaseMarkdownTextView.m in Sources */ = {isa = PBXBuildFile; fileRef = A2BFC3A41E02D0C50060C191 /* EaseMarkdownTextView.m */; };
		A2BFC3AC1E02D1E20060C191 /* RFKeyboardToolbar.m in Sources */ = {isa = PBXBuildFile; fileRef = A2BFC3A91E02D1E20060C191 /* RFKeyboardToolbar.m */; };
		A2BFC3AD1E02D1E20060C191 /* RFToolbarButton.m in Sources */ = {isa = PBXBuildFile; fileRef = A2BFC3AB1E02D1E20060C191 /* RFToolbarButton.m */; };
		A2BFC51B1E037A460060C191 /* MJPhoto.m in Sources */ = {isa = PBXBuildFile; fileRef = A2BFC4E21E037A460060C191 /* MJPhoto.m */; };
		A2BFC51C1E037A460060C191 /* MJPhotoBrowser.bundle in Resources */ = {isa = PBXBuildFile; fileRef = A2BFC4E31E037A460060C191 /* MJPhotoBrowser.bundle */; };
		A2BFC51D1E037A460060C191 /* MJPhotoBrowser.m in Sources */ = {isa = PBXBuildFile; fileRef = A2BFC4E51E037A460060C191 /* MJPhotoBrowser.m */; };
		A2BFC51E1E037A460060C191 /* MJPhotoLoadingView.m in Sources */ = {isa = PBXBuildFile; fileRef = A2BFC4E71E037A460060C191 /* MJPhotoLoadingView.m */; };
		A2BFC51F1E037A460060C191 /* MJPhotoProgressView.m in Sources */ = {isa = PBXBuildFile; fileRef = A2BFC4E91E037A460060C191 /* MJPhotoProgressView.m */; };
		A2BFC5201E037A460060C191 /* MJPhotoToolbar.m in Sources */ = {isa = PBXBuildFile; fileRef = A2BFC4EB1E037A460060C191 /* MJPhotoToolbar.m */; };
		A2BFC5211E037A460060C191 /* MJPhotoView.m in Sources */ = {isa = PBXBuildFile; fileRef = A2BFC4ED1E037A460060C191 /* MJPhotoView.m */; };
		A2BFC5221E037A460060C191 /* NSData+ImageContentType.m in Sources */ = {isa = PBXBuildFile; fileRef = A2BFC4F01E037A460060C191 /* NSData+ImageContentType.m */; };
		A2BFC5231E037A460060C191 /* SDImageCache.m in Sources */ = {isa = PBXBuildFile; fileRef = A2BFC4F21E037A460060C191 /* SDImageCache.m */; };
		A2BFC5241E037A460060C191 /* SDWebImageCompat.m in Sources */ = {isa = PBXBuildFile; fileRef = A2BFC4F41E037A460060C191 /* SDWebImageCompat.m */; };
		A2BFC5251E037A460060C191 /* SDWebImageDecoder.m in Sources */ = {isa = PBXBuildFile; fileRef = A2BFC4F61E037A460060C191 /* SDWebImageDecoder.m */; };
		A2BFC5261E037A460060C191 /* SDWebImageDownloader.m in Sources */ = {isa = PBXBuildFile; fileRef = A2BFC4F81E037A460060C191 /* SDWebImageDownloader.m */; };
		A2BFC5271E037A460060C191 /* SDWebImageDownloaderOperation.m in Sources */ = {isa = PBXBuildFile; fileRef = A2BFC4FA1E037A460060C191 /* SDWebImageDownloaderOperation.m */; };
		A2BFC5281E037A460060C191 /* SDWebImageManager.m in Sources */ = {isa = PBXBuildFile; fileRef = A2BFC4FC1E037A460060C191 /* SDWebImageManager.m */; };
		A2BFC5291E037A460060C191 /* SDWebImagePrefetcher.m in Sources */ = {isa = PBXBuildFile; fileRef = A2BFC4FF1E037A460060C191 /* SDWebImagePrefetcher.m */; };
		A2BFC52A1E037A460060C191 /* UIButton+WebCache.m in Sources */ = {isa = PBXBuildFile; fileRef = A2BFC5011E037A460060C191 /* UIButton+WebCache.m */; };
		A2BFC52B1E037A460060C191 /* UIImage+GIF.m in Sources */ = {isa = PBXBuildFile; fileRef = A2BFC5031E037A460060C191 /* UIImage+GIF.m */; };
		A2BFC52C1E037A460060C191 /* UIImage+MultiFormat.m in Sources */ = {isa = PBXBuildFile; fileRef = A2BFC5051E037A460060C191 /* UIImage+MultiFormat.m */; };
		A2BFC52D1E037A460060C191 /* UIImageView+HighlightedWebCache.m in Sources */ = {isa = PBXBuildFile; fileRef = A2BFC5071E037A460060C191 /* UIImageView+HighlightedWebCache.m */; };
		A2BFC52E1E037A460060C191 /* UIImageView+WebCache.m in Sources */ = {isa = PBXBuildFile; fileRef = A2BFC5091E037A460060C191 /* UIImageView+WebCache.m */; };
		A2BFC52F1E037A460060C191 /* UIView+WebCacheOperation.m in Sources */ = {isa = PBXBuildFile; fileRef = A2BFC50B1E037A460060C191 /* UIView+WebCacheOperation.m */; };
		A2BFC5301E037A460060C191 /* SVIndefiniteAnimatedView.m in Sources */ = {isa = PBXBuildFile; fileRef = A2BFC50E1E037A460060C191 /* SVIndefiniteAnimatedView.m */; };
		A2BFC5311E037A460060C191 /* SVProgressAnimatedView.m in Sources */ = {isa = PBXBuildFile; fileRef = A2BFC5101E037A460060C191 /* SVProgressAnimatedView.m */; };
		A2BFC5321E037A460060C191 /* SVProgressHUD.bundle in Resources */ = {isa = PBXBuildFile; fileRef = A2BFC5111E037A460060C191 /* SVProgressHUD.bundle */; };
		A2BFC5331E037A460060C191 /* SVProgressHUD.m in Sources */ = {isa = PBXBuildFile; fileRef = A2BFC5131E037A460060C191 /* SVProgressHUD.m */; };
		A2BFC5341E037A460060C191 /* SVRadialGradientLayer.m in Sources */ = {isa = PBXBuildFile; fileRef = A2BFC5151E037A460060C191 /* SVRadialGradientLayer.m */; };
		A2BFC5351E037A460060C191 /* YLGIFImage.m in Sources */ = {isa = PBXBuildFile; fileRef = A2BFC5181E037A460060C191 /* YLGIFImage.m */; };
		A2BFC5361E037A460060C191 /* YLImageView.m in Sources */ = {isa = PBXBuildFile; fileRef = A2BFC51A1E037A460060C191 /* YLImageView.m */; };
		A2BFC5641E037FA90060C191 /* MJPhotoBrowserViewController.m in Sources */ = {isa = PBXBuildFile; fileRef = A2BFC5631E037FA90060C191 /* MJPhotoBrowserViewController.m */; };
		A2BFC5671E038A0A0060C191 /* MJPhotoBrowserListView.m in Sources */ = {isa = PBXBuildFile; fileRef = A2BFC5661E038A0A0060C191 /* MJPhotoBrowserListView.m */; };
		A2BFC56A1E038EC50060C191 /* MJPhotoBrowserCollectionViewCell.m in Sources */ = {isa = PBXBuildFile; fileRef = A2BFC5691E038EC50060C191 /* MJPhotoBrowserCollectionViewCell.m */; };
		A2BFC5701E0392F20060C191 /* MJPhotoBrowserImageModel.m in Sources */ = {isa = PBXBuildFile; fileRef = A2BFC56F1E0392F20060C191 /* MJPhotoBrowserImageModel.m */; };
/* End PBXBuildFile section */

/* Begin PBXFileReference section */
		5B67D5563E0CE7BEBC1CF8B4 /* Pods-XDSThirdParty.debug.xcconfig */ = {isa = PBXFileReference; includeInIndex = 1; lastKnownFileType = text.xcconfig; name = "Pods-XDSThirdParty.debug.xcconfig"; path = "Pods/Target Support Files/Pods-XDSThirdParty/Pods-XDSThirdParty.debug.xcconfig"; sourceTree = "<group>"; };
		910CC6469133200DA84FADA7 /* libPods-XDSThirdParty.a */ = {isa = PBXFileReference; explicitFileType = archive.ar; includeInIndex = 0; path = "libPods-XDSThirdParty.a"; sourceTree = BUILT_PRODUCTS_DIR; };
		960AA33AC422DE470F89258C /* Pods-XDSThirdParty.release.xcconfig */ = {isa = PBXFileReference; includeInIndex = 1; lastKnownFileType = text.xcconfig; name = "Pods-XDSThirdParty.release.xcconfig"; path = "Pods/Target Support Files/Pods-XDSThirdParty/Pods-XDSThirdParty.release.xcconfig"; sourceTree = "<group>"; };
		A269A0171E0153140083B333 /* XDSThirdParty.app */ = {isa = PBXFileReference; explicitFileType = wrapper.application; includeInIndex = 0; path = XDSThirdParty.app; sourceTree = BUILT_PRODUCTS_DIR; };
		A269A01B1E0153140083B333 /* main.m */ = {isa = PBXFileReference; lastKnownFileType = sourcecode.c.objc; path = main.m; sourceTree = "<group>"; };
		A269A01D1E0153140083B333 /* AppDelegate.h */ = {isa = PBXFileReference; lastKnownFileType = sourcecode.c.h; path = AppDelegate.h; sourceTree = "<group>"; };
		A269A01E1E0153140083B333 /* AppDelegate.m */ = {isa = PBXFileReference; lastKnownFileType = sourcecode.c.objc; path = AppDelegate.m; sourceTree = "<group>"; };
		A269A0241E0153140083B333 /* Base */ = {isa = PBXFileReference; lastKnownFileType = file.storyboard; name = Base; path = Base.lproj/Main.storyboard; sourceTree = "<group>"; };
		A269A0261E0153140083B333 /* Assets.xcassets */ = {isa = PBXFileReference; lastKnownFileType = folder.assetcatalog; path = Assets.xcassets; sourceTree = "<group>"; };
		A269A0291E0153140083B333 /* Base */ = {isa = PBXFileReference; lastKnownFileType = file.storyboard; name = Base; path = Base.lproj/LaunchScreen.storyboard; sourceTree = "<group>"; };
		A269A02B1E0153140083B333 /* Info.plist */ = {isa = PBXFileReference; lastKnownFileType = text.plist.xml; path = Info.plist; sourceTree = "<group>"; };
		A269A0351E0154350083B333 /* MainTableViewController.h */ = {isa = PBXFileReference; fileEncoding = 4; lastKnownFileType = sourcecode.c.h; path = MainTableViewController.h; sourceTree = "<group>"; };
		A269A0361E0154350083B333 /* MainTableViewController.m */ = {isa = PBXFileReference; fileEncoding = 4; lastKnownFileType = sourcecode.c.objc; path = MainTableViewController.m; sourceTree = "<group>"; };
		A269A0381E0155540083B333 /* iCarouselViewController.h */ = {isa = PBXFileReference; fileEncoding = 4; lastKnownFileType = sourcecode.c.h; path = iCarouselViewController.h; sourceTree = "<group>"; };
		A269A0391E0155540083B333 /* iCarouselViewController.m */ = {isa = PBXFileReference; fileEncoding = 4; lastKnownFileType = sourcecode.c.objc; path = iCarouselViewController.m; sourceTree = "<group>"; };
		A2A2F0A71E01772A0006BD5B /* iCarouselTableView.h */ = {isa = PBXFileReference; fileEncoding = 4; lastKnownFileType = sourcecode.c.h; path = iCarouselTableView.h; sourceTree = "<group>"; };
		A2A2F0A81E01772A0006BD5B /* iCarouselTableView.m */ = {isa = PBXFileReference; fileEncoding = 4; lastKnownFileType = sourcecode.c.objc; path = iCarouselTableView.m; sourceTree = "<group>"; };
		A2A2F0AA1E017FCB0006BD5B /* AndroidFragementViewController.h */ = {isa = PBXFileReference; fileEncoding = 4; lastKnownFileType = sourcecode.c.h; path = AndroidFragementViewController.h; sourceTree = "<group>"; };
		A2A2F0AB1E017FCB0006BD5B /* AndroidFragementViewController.m */ = {isa = PBXFileReference; fileEncoding = 4; lastKnownFileType = sourcecode.c.objc; path = AndroidFragementViewController.m; sourceTree = "<group>"; };
		A2A2F0AD1E019B880006BD5B /* MultiTaskManagerViewController.h */ = {isa = PBXFileReference; fileEncoding = 4; lastKnownFileType = sourcecode.c.h; path = MultiTaskManagerViewController.h; sourceTree = "<group>"; };
		A2A2F0AE1E019B880006BD5B /* MultiTaskManagerViewController.m */ = {isa = PBXFileReference; fileEncoding = 4; lastKnownFileType = sourcecode.c.objc; path = MultiTaskManagerViewController.m; sourceTree = "<group>"; };
		A2A2F0B11E01A5400006BD5B /* 0.jpg */ = {isa = PBXFileReference; lastKnownFileType = image.jpeg; path = 0.jpg; sourceTree = "<group>"; };
		A2A2F0B21E01A5400006BD5B /* 1.jpg */ = {isa = PBXFileReference; lastKnownFileType = image.jpeg; path = 1.jpg; sourceTree = "<group>"; };
		A2A2F0B31E01A5400006BD5B /* 10.jpg */ = {isa = PBXFileReference; lastKnownFileType = image.jpeg; path = 10.jpg; sourceTree = "<group>"; };
		A2A2F0B41E01A5400006BD5B /* 11.jpg */ = {isa = PBXFileReference; lastKnownFileType = image.jpeg; path = 11.jpg; sourceTree = "<group>"; };
		A2A2F0B51E01A5400006BD5B /* 12.jpg */ = {isa = PBXFileReference; lastKnownFileType = image.jpeg; path = 12.jpg; sourceTree = "<group>"; };
		A2A2F0B61E01A5400006BD5B /* 2.jpg */ = {isa = PBXFileReference; lastKnownFileType = image.jpeg; path = 2.jpg; sourceTree = "<group>"; };
		A2A2F0B71E01A5400006BD5B /* 3.jpg */ = {isa = PBXFileReference; lastKnownFileType = image.jpeg; path = 3.jpg; sourceTree = "<group>"; };
		A2A2F0B81E01A5400006BD5B /* 4.jpg */ = {isa = PBXFileReference; lastKnownFileType = image.jpeg; path = 4.jpg; sourceTree = "<group>"; };
		A2A2F0B91E01A5400006BD5B /* 5.jpg */ = {isa = PBXFileReference; lastKnownFileType = image.jpeg; path = 5.jpg; sourceTree = "<group>"; };
		A2A2F0BA1E01A5400006BD5B /* 6.jpg */ = {isa = PBXFileReference; lastKnownFileType = image.jpeg; path = 6.jpg; sourceTree = "<group>"; };
		A2A2F0BB1E01A5400006BD5B /* 7.jpg */ = {isa = PBXFileReference; lastKnownFileType = image.jpeg; path = 7.jpg; sourceTree = "<group>"; };
		A2A2F0BC1E01A5400006BD5B /* 8.jpg */ = {isa = PBXFileReference; lastKnownFileType = image.jpeg; path = 8.jpg; sourceTree = "<group>"; };
		A2A2F0BD1E01A5400006BD5B /* 9.jpg */ = {isa = PBXFileReference; lastKnownFileType = image.jpeg; path = 9.jpg; sourceTree = "<group>"; };
		A2A2F0D11E02450C0006BD5B /* UIView+Common.h */ = {isa = PBXFileReference; fileEncoding = 4; lastKnownFileType = sourcecode.c.h; path = "UIView+Common.h"; sourceTree = "<group>"; };
		A2A2F0D21E02450C0006BD5B /* UIView+Common.m */ = {isa = PBXFileReference; fileEncoding = 4; lastKnownFileType = sourcecode.c.objc; path = "UIView+Common.m"; sourceTree = "<group>"; };
		A2A2F0D41E0246A70006BD5B /* EaseBlankPageView.h */ = {isa = PBXFileReference; fileEncoding = 4; lastKnownFileType = sourcecode.c.h; path = EaseBlankPageView.h; sourceTree = "<group>"; };
		A2A2F0D51E0246A70006BD5B /* EaseBlankPageView.m */ = {isa = PBXFileReference; fileEncoding = 4; lastKnownFileType = sourcecode.c.objc; path = EaseBlankPageView.m; sourceTree = "<group>"; };
		A2A2F0DA1E024A920006BD5B /* blankpage_button_reload@2x.png */ = {isa = PBXFileReference; lastKnownFileType = image.png; path = "blankpage_button_reload@2x.png"; sourceTree = "<group>"; };
		A2A2F0DB1E024A920006BD5B /* blankpage_image_Hi@2x.png */ = {isa = PBXFileReference; lastKnownFileType = image.png; path = "blankpage_image_Hi@2x.png"; sourceTree = "<group>"; };
		A2A2F0DC1E024A920006BD5B /* blankpage_image_loadFail@2x.png */ = {isa = PBXFileReference; lastKnownFileType = image.png; path = "blankpage_image_loadFail@2x.png"; sourceTree = "<group>"; };
		A2A2F0DD1E024A920006BD5B /* blankpage_image_Sleep@2x.png */ = {isa = PBXFileReference; lastKnownFileType = image.png; path = "blankpage_image_Sleep@2x.png"; sourceTree = "<group>"; };
		A2BFC3A01E02CE0F0060C191 /* UIPlaceHolderTextView.h */ = {isa = PBXFileReference; fileEncoding = 4; lastKnownFileType = sourcecode.c.h; path = UIPlaceHolderTextView.h; sourceTree = "<group>"; };
		A2BFC3A11E02CE0F0060C191 /* UIPlaceHolderTextView.m */ = {isa = PBXFileReference; fileEncoding = 4; lastKnownFileType = sourcecode.c.objc; path = UIPlaceHolderTextView.m; sourceTree = "<group>"; };
		A2BFC3A31E02D0C50060C191 /* EaseMarkdownTextView.h */ = {isa = PBXFileReference; fileEncoding = 4; lastKnownFileType = sourcecode.c.h; path = EaseMarkdownTextView.h; sourceTree = "<group>"; };
		A2BFC3A41E02D0C50060C191 /* EaseMarkdownTextView.m */ = {isa = PBXFileReference; fileEncoding = 4; lastKnownFileType = sourcecode.c.objc; path = EaseMarkdownTextView.m; sourceTree = "<group>"; };
		A2BFC3A81E02D1E20060C191 /* RFKeyboardToolbar.h */ = {isa = PBXFileReference; fileEncoding = 4; lastKnownFileType = sourcecode.c.h; path = RFKeyboardToolbar.h; sourceTree = "<group>"; };
		A2BFC3A91E02D1E20060C191 /* RFKeyboardToolbar.m */ = {isa = PBXFileReference; fileEncoding = 4; lastKnownFileType = sourcecode.c.objc; path = RFKeyboardToolbar.m; sourceTree = "<group>"; };
		A2BFC3AA1E02D1E20060C191 /* RFToolbarButton.h */ = {isa = PBXFileReference; fileEncoding = 4; lastKnownFileType = sourcecode.c.h; path = RFToolbarButton.h; sourceTree = "<group>"; };
		A2BFC3AB1E02D1E20060C191 /* RFToolbarButton.m */ = {isa = PBXFileReference; fileEncoding = 4; lastKnownFileType = sourcecode.c.objc; path = RFToolbarButton.m; sourceTree = "<group>"; };
		A2BFC4E11E037A460060C191 /* MJPhoto.h */ = {isa = PBXFileReference; fileEncoding = 4; lastKnownFileType = sourcecode.c.h; path = MJPhoto.h; sourceTree = "<group>"; };
		A2BFC4E21E037A460060C191 /* MJPhoto.m */ = {isa = PBXFileReference; fileEncoding = 4; lastKnownFileType = sourcecode.c.objc; path = MJPhoto.m; sourceTree = "<group>"; };
		A2BFC4E31E037A460060C191 /* MJPhotoBrowser.bundle */ = {isa = PBXFileReference; lastKnownFileType = "wrapper.plug-in"; path = MJPhotoBrowser.bundle; sourceTree = "<group>"; };
		A2BFC4E41E037A460060C191 /* MJPhotoBrowser.h */ = {isa = PBXFileReference; fileEncoding = 4; lastKnownFileType = sourcecode.c.h; path = MJPhotoBrowser.h; sourceTree = "<group>"; };
		A2BFC4E51E037A460060C191 /* MJPhotoBrowser.m */ = {isa = PBXFileReference; fileEncoding = 4; lastKnownFileType = sourcecode.c.objc; path = MJPhotoBrowser.m; sourceTree = "<group>"; };
		A2BFC4E61E037A460060C191 /* MJPhotoLoadingView.h */ = {isa = PBXFileReference; fileEncoding = 4; lastKnownFileType = sourcecode.c.h; path = MJPhotoLoadingView.h; sourceTree = "<group>"; };
		A2BFC4E71E037A460060C191 /* MJPhotoLoadingView.m */ = {isa = PBXFileReference; fileEncoding = 4; lastKnownFileType = sourcecode.c.objc; path = MJPhotoLoadingView.m; sourceTree = "<group>"; };
		A2BFC4E81E037A460060C191 /* MJPhotoProgressView.h */ = {isa = PBXFileReference; fileEncoding = 4; lastKnownFileType = sourcecode.c.h; path = MJPhotoProgressView.h; sourceTree = "<group>"; };
		A2BFC4E91E037A460060C191 /* MJPhotoProgressView.m */ = {isa = PBXFileReference; fileEncoding = 4; lastKnownFileType = sourcecode.c.objc; path = MJPhotoProgressView.m; sourceTree = "<group>"; };
		A2BFC4EA1E037A460060C191 /* MJPhotoToolbar.h */ = {isa = PBXFileReference; fileEncoding = 4; lastKnownFileType = sourcecode.c.h; path = MJPhotoToolbar.h; sourceTree = "<group>"; };
		A2BFC4EB1E037A460060C191 /* MJPhotoToolbar.m */ = {isa = PBXFileReference; fileEncoding = 4; lastKnownFileType = sourcecode.c.objc; path = MJPhotoToolbar.m; sourceTree = "<group>"; };
		A2BFC4EC1E037A460060C191 /* MJPhotoView.h */ = {isa = PBXFileReference; fileEncoding = 4; lastKnownFileType = sourcecode.c.h; path = MJPhotoView.h; sourceTree = "<group>"; };
		A2BFC4ED1E037A460060C191 /* MJPhotoView.m */ = {isa = PBXFileReference; fileEncoding = 4; lastKnownFileType = sourcecode.c.objc; path = MJPhotoView.m; sourceTree = "<group>"; };
		A2BFC4EF1E037A460060C191 /* NSData+ImageContentType.h */ = {isa = PBXFileReference; fileEncoding = 4; lastKnownFileType = sourcecode.c.h; path = "NSData+ImageContentType.h"; sourceTree = "<group>"; };
		A2BFC4F01E037A460060C191 /* NSData+ImageContentType.m */ = {isa = PBXFileReference; fileEncoding = 4; lastKnownFileType = sourcecode.c.objc; path = "NSData+ImageContentType.m"; sourceTree = "<group>"; };
		A2BFC4F11E037A460060C191 /* SDImageCache.h */ = {isa = PBXFileReference; fileEncoding = 4; lastKnownFileType = sourcecode.c.h; path = SDImageCache.h; sourceTree = "<group>"; };
		A2BFC4F21E037A460060C191 /* SDImageCache.m */ = {isa = PBXFileReference; fileEncoding = 4; lastKnownFileType = sourcecode.c.objc; path = SDImageCache.m; sourceTree = "<group>"; };
		A2BFC4F31E037A460060C191 /* SDWebImageCompat.h */ = {isa = PBXFileReference; fileEncoding = 4; lastKnownFileType = sourcecode.c.h; path = SDWebImageCompat.h; sourceTree = "<group>"; };
		A2BFC4F41E037A460060C191 /* SDWebImageCompat.m */ = {isa = PBXFileReference; fileEncoding = 4; lastKnownFileType = sourcecode.c.objc; path = SDWebImageCompat.m; sourceTree = "<group>"; };
		A2BFC4F51E037A460060C191 /* SDWebImageDecoder.h */ = {isa = PBXFileReference; fileEncoding = 4; lastKnownFileType = sourcecode.c.h; path = SDWebImageDecoder.h; sourceTree = "<group>"; };
		A2BFC4F61E037A460060C191 /* SDWebImageDecoder.m */ = {isa = PBXFileReference; fileEncoding = 4; lastKnownFileType = sourcecode.c.objc; path = SDWebImageDecoder.m; sourceTree = "<group>"; };
		A2BFC4F71E037A460060C191 /* SDWebImageDownloader.h */ = {isa = PBXFileReference; fileEncoding = 4; lastKnownFileType = sourcecode.c.h; path = SDWebImageDownloader.h; sourceTree = "<group>"; };
		A2BFC4F81E037A460060C191 /* SDWebImageDownloader.m */ = {isa = PBXFileReference; fileEncoding = 4; lastKnownFileType = sourcecode.c.objc; path = SDWebImageDownloader.m; sourceTree = "<group>"; };
		A2BFC4F91E037A460060C191 /* SDWebImageDownloaderOperation.h */ = {isa = PBXFileReference; fileEncoding = 4; lastKnownFileType = sourcecode.c.h; path = SDWebImageDownloaderOperation.h; sourceTree = "<group>"; };
		A2BFC4FA1E037A460060C191 /* SDWebImageDownloaderOperation.m */ = {isa = PBXFileReference; fileEncoding = 4; lastKnownFileType = sourcecode.c.objc; path = SDWebImageDownloaderOperation.m; sourceTree = "<group>"; };
		A2BFC4FB1E037A460060C191 /* SDWebImageManager.h */ = {isa = PBXFileReference; fileEncoding = 4; lastKnownFileType = sourcecode.c.h; path = SDWebImageManager.h; sourceTree = "<group>"; };
		A2BFC4FC1E037A460060C191 /* SDWebImageManager.m */ = {isa = PBXFileReference; fileEncoding = 4; lastKnownFileType = sourcecode.c.objc; path = SDWebImageManager.m; sourceTree = "<group>"; };
		A2BFC4FD1E037A460060C191 /* SDWebImageOperation.h */ = {isa = PBXFileReference; fileEncoding = 4; lastKnownFileType = sourcecode.c.h; path = SDWebImageOperation.h; sourceTree = "<group>"; };
		A2BFC4FE1E037A460060C191 /* SDWebImagePrefetcher.h */ = {isa = PBXFileReference; fileEncoding = 4; lastKnownFileType = sourcecode.c.h; path = SDWebImagePrefetcher.h; sourceTree = "<group>"; };
		A2BFC4FF1E037A460060C191 /* SDWebImagePrefetcher.m */ = {isa = PBXFileReference; fileEncoding = 4; lastKnownFileType = sourcecode.c.objc; path = SDWebImagePrefetcher.m; sourceTree = "<group>"; };
		A2BFC5001E037A460060C191 /* UIButton+WebCache.h */ = {isa = PBXFileReference; fileEncoding = 4; lastKnownFileType = sourcecode.c.h; path = "UIButton+WebCache.h"; sourceTree = "<group>"; };
		A2BFC5011E037A460060C191 /* UIButton+WebCache.m */ = {isa = PBXFileReference; fileEncoding = 4; lastKnownFileType = sourcecode.c.objc; path = "UIButton+WebCache.m"; sourceTree = "<group>"; };
		A2BFC5021E037A460060C191 /* UIImage+GIF.h */ = {isa = PBXFileReference; fileEncoding = 4; lastKnownFileType = sourcecode.c.h; path = "UIImage+GIF.h"; sourceTree = "<group>"; };
		A2BFC5031E037A460060C191 /* UIImage+GIF.m */ = {isa = PBXFileReference; fileEncoding = 4; lastKnownFileType = sourcecode.c.objc; path = "UIImage+GIF.m"; sourceTree = "<group>"; };
		A2BFC5041E037A460060C191 /* UIImage+MultiFormat.h */ = {isa = PBXFileReference; fileEncoding = 4; lastKnownFileType = sourcecode.c.h; path = "UIImage+MultiFormat.h"; sourceTree = "<group>"; };
		A2BFC5051E037A460060C191 /* UIImage+MultiFormat.m */ = {isa = PBXFileReference; fileEncoding = 4; lastKnownFileType = sourcecode.c.objc; path = "UIImage+MultiFormat.m"; sourceTree = "<group>"; };
		A2BFC5061E037A460060C191 /* UIImageView+HighlightedWebCache.h */ = {isa = PBXFileReference; fileEncoding = 4; lastKnownFileType = sourcecode.c.h; path = "UIImageView+HighlightedWebCache.h"; sourceTree = "<group>"; };
		A2BFC5071E037A460060C191 /* UIImageView+HighlightedWebCache.m */ = {isa = PBXFileReference; fileEncoding = 4; lastKnownFileType = sourcecode.c.objc; path = "UIImageView+HighlightedWebCache.m"; sourceTree = "<group>"; };
		A2BFC5081E037A460060C191 /* UIImageView+WebCache.h */ = {isa = PBXFileReference; fileEncoding = 4; lastKnownFileType = sourcecode.c.h; path = "UIImageView+WebCache.h"; sourceTree = "<group>"; };
		A2BFC5091E037A460060C191 /* UIImageView+WebCache.m */ = {isa = PBXFileReference; fileEncoding = 4; lastKnownFileType = sourcecode.c.objc; path = "UIImageView+WebCache.m"; sourceTree = "<group>"; };
		A2BFC50A1E037A460060C191 /* UIView+WebCacheOperation.h */ = {isa = PBXFileReference; fileEncoding = 4; lastKnownFileType = sourcecode.c.h; path = "UIView+WebCacheOperation.h"; sourceTree = "<group>"; };
		A2BFC50B1E037A460060C191 /* UIView+WebCacheOperation.m */ = {isa = PBXFileReference; fileEncoding = 4; lastKnownFileType = sourcecode.c.objc; path = "UIView+WebCacheOperation.m"; sourceTree = "<group>"; };
		A2BFC50D1E037A460060C191 /* SVIndefiniteAnimatedView.h */ = {isa = PBXFileReference; fileEncoding = 4; lastKnownFileType = sourcecode.c.h; path = SVIndefiniteAnimatedView.h; sourceTree = "<group>"; };
		A2BFC50E1E037A460060C191 /* SVIndefiniteAnimatedView.m */ = {isa = PBXFileReference; fileEncoding = 4; lastKnownFileType = sourcecode.c.objc; path = SVIndefiniteAnimatedView.m; sourceTree = "<group>"; };
		A2BFC50F1E037A460060C191 /* SVProgressAnimatedView.h */ = {isa = PBXFileReference; fileEncoding = 4; lastKnownFileType = sourcecode.c.h; path = SVProgressAnimatedView.h; sourceTree = "<group>"; };
		A2BFC5101E037A460060C191 /* SVProgressAnimatedView.m */ = {isa = PBXFileReference; fileEncoding = 4; lastKnownFileType = sourcecode.c.objc; path = SVProgressAnimatedView.m; sourceTree = "<group>"; };
		A2BFC5111E037A460060C191 /* SVProgressHUD.bundle */ = {isa = PBXFileReference; lastKnownFileType = "wrapper.plug-in"; path = SVProgressHUD.bundle; sourceTree = "<group>"; };
		A2BFC5121E037A460060C191 /* SVProgressHUD.h */ = {isa = PBXFileReference; fileEncoding = 4; lastKnownFileType = sourcecode.c.h; path = SVProgressHUD.h; sourceTree = "<group>"; };
		A2BFC5131E037A460060C191 /* SVProgressHUD.m */ = {isa = PBXFileReference; fileEncoding = 4; lastKnownFileType = sourcecode.c.objc; path = SVProgressHUD.m; sourceTree = "<group>"; };
		A2BFC5141E037A460060C191 /* SVRadialGradientLayer.h */ = {isa = PBXFileReference; fileEncoding = 4; lastKnownFileType = sourcecode.c.h; path = SVRadialGradientLayer.h; sourceTree = "<group>"; };
		A2BFC5151E037A460060C191 /* SVRadialGradientLayer.m */ = {isa = PBXFileReference; fileEncoding = 4; lastKnownFileType = sourcecode.c.objc; path = SVRadialGradientLayer.m; sourceTree = "<group>"; };
		A2BFC5171E037A460060C191 /* YLGIFImage.h */ = {isa = PBXFileReference; fileEncoding = 4; lastKnownFileType = sourcecode.c.h; path = YLGIFImage.h; sourceTree = "<group>"; };
		A2BFC5181E037A460060C191 /* YLGIFImage.m */ = {isa = PBXFileReference; fileEncoding = 4; lastKnownFileType = sourcecode.c.objc; path = YLGIFImage.m; sourceTree = "<group>"; };
		A2BFC5191E037A460060C191 /* YLImageView.h */ = {isa = PBXFileReference; fileEncoding = 4; lastKnownFileType = sourcecode.c.h; path = YLImageView.h; sourceTree = "<group>"; };
		A2BFC51A1E037A460060C191 /* YLImageView.m */ = {isa = PBXFileReference; fileEncoding = 4; lastKnownFileType = sourcecode.c.objc; path = YLImageView.m; sourceTree = "<group>"; };
		A2BFC5621E037FA90060C191 /* MJPhotoBrowserViewController.h */ = {isa = PBXFileReference; fileEncoding = 4; lastKnownFileType = sourcecode.c.h; path = MJPhotoBrowserViewController.h; sourceTree = "<group>"; };
		A2BFC5631E037FA90060C191 /* MJPhotoBrowserViewController.m */ = {isa = PBXFileReference; fileEncoding = 4; lastKnownFileType = sourcecode.c.objc; path = MJPhotoBrowserViewController.m; sourceTree = "<group>"; };
		A2BFC5651E038A0A0060C191 /* MJPhotoBrowserListView.h */ = {isa = PBXFileReference; fileEncoding = 4; lastKnownFileType = sourcecode.c.h; path = MJPhotoBrowserListView.h; sourceTree = "<group>"; };
		A2BFC5661E038A0A0060C191 /* MJPhotoBrowserListView.m */ = {isa = PBXFileReference; fileEncoding = 4; lastKnownFileType = sourcecode.c.objc; path = MJPhotoBrowserListView.m; sourceTree = "<group>"; };
		A2BFC5681E038EC50060C191 /* MJPhotoBrowserCollectionViewCell.h */ = {isa = PBXFileReference; fileEncoding = 4; lastKnownFileType = sourcecode.c.h; path = MJPhotoBrowserCollectionViewCell.h; sourceTree = "<group>"; };
		A2BFC5691E038EC50060C191 /* MJPhotoBrowserCollectionViewCell.m */ = {isa = PBXFileReference; fileEncoding = 4; lastKnownFileType = sourcecode.c.objc; path = MJPhotoBrowserCollectionViewCell.m; sourceTree = "<group>"; };
		A2BFC56E1E0392F20060C191 /* MJPhotoBrowserImageModel.h */ = {isa = PBXFileReference; fileEncoding = 4; lastKnownFileType = sourcecode.c.h; path = MJPhotoBrowserImageModel.h; sourceTree = "<group>"; };
		A2BFC56F1E0392F20060C191 /* MJPhotoBrowserImageModel.m */ = {isa = PBXFileReference; fileEncoding = 4; lastKnownFileType = sourcecode.c.objc; path = MJPhotoBrowserImageModel.m; sourceTree = "<group>"; };
/* End PBXFileReference section */

/* Begin PBXFrameworksBuildPhase section */
		A269A0141E0153140083B333 /* Frameworks */ = {
			isa = PBXFrameworksBuildPhase;
			buildActionMask = 2147483647;
			files = (
				477889F684FCABF49203857A /* libPods-XDSThirdParty.a in Frameworks */,
			);
			runOnlyForDeploymentPostprocessing = 0;
		};
/* End PBXFrameworksBuildPhase section */

/* Begin PBXGroup section */
		A269A00E1E0153140083B333 = {
			isa = PBXGroup;
			children = (
				A269A0191E0153140083B333 /* XDSThirdParty */,
				A269A0181E0153140083B333 /* Products */,
				D0AE0FD361B5690D75A89D22 /* Pods */,
				C2A650030DE89A5C038B4D38 /* Frameworks */,
			);
			sourceTree = "<group>";
		};
		A269A0181E0153140083B333 /* Products */ = {
			isa = PBXGroup;
			children = (
				A269A0171E0153140083B333 /* XDSThirdParty.app */,
			);
			name = Products;
			sourceTree = "<group>";
		};
		A269A0191E0153140083B333 /* XDSThirdParty */ = {
			isa = PBXGroup;
			children = (
				A269A01D1E0153140083B333 /* AppDelegate.h */,
				A269A01E1E0153140083B333 /* AppDelegate.m */,
				A269A0231E0153140083B333 /* Main.storyboard */,
				A269A0351E0154350083B333 /* MainTableViewController.h */,
				A269A0361E0154350083B333 /* MainTableViewController.m */,
				A2BFC5371E037F660060C191 /* MJPhotoBrowser */,
				A269A0311E0153DE0083B333 /* iCarousel */,
				A2BFC3AE1E02D5260060C191 /* Util */,
				A2BFC3A61E02D1D30060C191 /* Vendor */,
				A2A2F0D71E024A7A0006BD5B /* Resource */,
				A2A2F0CB1E02449C0006BD5B /* Category */,
				A2A2F0CD1E02449C0006BD5B /* Component */,
				A269A0261E0153140083B333 /* Assets.xcassets */,
				A269A0281E0153140083B333 /* LaunchScreen.storyboard */,
				A269A02B1E0153140083B333 /* Info.plist */,
				A269A01A1E0153140083B333 /* Supporting Files */,
			);
			path = XDSThirdParty;
			sourceTree = "<group>";
		};
		A269A01A1E0153140083B333 /* Supporting Files */ = {
			isa = PBXGroup;
			children = (
				A269A01B1E0153140083B333 /* main.m */,
			);
			name = "Supporting Files";
			sourceTree = "<group>";
		};
		A269A0311E0153DE0083B333 /* iCarousel */ = {
			isa = PBXGroup;
			children = (
				A2A2F0B01E01A5400006BD5B /* images */,
				A269A0321E0153DE0083B333 /* Controller */,
				A269A0331E0153DE0083B333 /* Model */,
				A269A0341E0153DE0083B333 /* View */,
			);
			path = iCarousel;
			sourceTree = "<group>";
		};
		A269A0321E0153DE0083B333 /* Controller */ = {
			isa = PBXGroup;
			children = (
				A269A0381E0155540083B333 /* iCarouselViewController.h */,
				A269A0391E0155540083B333 /* iCarouselViewController.m */,
				A2A2F0AA1E017FCB0006BD5B /* AndroidFragementViewController.h */,
				A2A2F0AB1E017FCB0006BD5B /* AndroidFragementViewController.m */,
				A2A2F0AD1E019B880006BD5B /* MultiTaskManagerViewController.h */,
				A2A2F0AE1E019B880006BD5B /* MultiTaskManagerViewController.m */,
			);
			path = Controller;
			sourceTree = "<group>";
		};
		A269A0331E0153DE0083B333 /* Model */ = {
			isa = PBXGroup;
			children = (
			);
			path = Model;
			sourceTree = "<group>";
		};
		A269A0341E0153DE0083B333 /* View */ = {
			isa = PBXGroup;
			children = (
				A2A2F0A71E01772A0006BD5B /* iCarouselTableView.h */,
				A2A2F0A81E01772A0006BD5B /* iCarouselTableView.m */,
			);
			path = View;
			sourceTree = "<group>";
		};
		A2A2F0B01E01A5400006BD5B /* images */ = {
			isa = PBXGroup;
			children = (
				A2A2F0B11E01A5400006BD5B /* 0.jpg */,
				A2A2F0B21E01A5400006BD5B /* 1.jpg */,
				A2A2F0B31E01A5400006BD5B /* 10.jpg */,
				A2A2F0B41E01A5400006BD5B /* 11.jpg */,
				A2A2F0B51E01A5400006BD5B /* 12.jpg */,
				A2A2F0B61E01A5400006BD5B /* 2.jpg */,
				A2A2F0B71E01A5400006BD5B /* 3.jpg */,
				A2A2F0B81E01A5400006BD5B /* 4.jpg */,
				A2A2F0B91E01A5400006BD5B /* 5.jpg */,
				A2A2F0BA1E01A5400006BD5B /* 6.jpg */,
				A2A2F0BB1E01A5400006BD5B /* 7.jpg */,
				A2A2F0BC1E01A5400006BD5B /* 8.jpg */,
				A2A2F0BD1E01A5400006BD5B /* 9.jpg */,
			);
			path = images;
			sourceTree = "<group>";
		};
		A2A2F0CB1E02449C0006BD5B /* Category */ = {
			isa = PBXGroup;
			children = (
				A2A2F0CC1E02449C0006BD5B /* UIView */,
			);
			path = Category;
			sourceTree = "<group>";
		};
		A2A2F0CC1E02449C0006BD5B /* UIView */ = {
			isa = PBXGroup;
			children = (
				A2A2F0D11E02450C0006BD5B /* UIView+Common.h */,
				A2A2F0D21E02450C0006BD5B /* UIView+Common.m */,
			);
			path = UIView;
			sourceTree = "<group>";
		};
		A2A2F0CD1E02449C0006BD5B /* Component */ = {
			isa = PBXGroup;
			children = (
				A2BFC3A01E02CE0F0060C191 /* UIPlaceHolderTextView.h */,
				A2BFC3A11E02CE0F0060C191 /* UIPlaceHolderTextView.m */,
				A2A2F0D41E0246A70006BD5B /* EaseBlankPageView.h */,
				A2A2F0D51E0246A70006BD5B /* EaseBlankPageView.m */,
				A2BFC3A31E02D0C50060C191 /* EaseMarkdownTextView.h */,
				A2BFC3A41E02D0C50060C191 /* EaseMarkdownTextView.m */,
			);
			path = Component;
			sourceTree = "<group>";
		};
		A2A2F0D71E024A7A0006BD5B /* Resource */ = {
			isa = PBXGroup;
			children = (
				A2A2F0D81E024A7A0006BD5B /* Images */,
			);
			path = Resource;
			sourceTree = "<group>";
		};
		A2A2F0D81E024A7A0006BD5B /* Images */ = {
			isa = PBXGroup;
			children = (
				A2A2F0D91E024A920006BD5B /* blankpage */,
			);
			path = Images;
			sourceTree = "<group>";
		};
		A2A2F0D91E024A920006BD5B /* blankpage */ = {
			isa = PBXGroup;
			children = (
				A2A2F0DA1E024A920006BD5B /* blankpage_button_reload@2x.png */,
				A2A2F0DB1E024A920006BD5B /* blankpage_image_Hi@2x.png */,
				A2A2F0DC1E024A920006BD5B /* blankpage_image_loadFail@2x.png */,
				A2A2F0DD1E024A920006BD5B /* blankpage_image_Sleep@2x.png */,
			);
			path = blankpage;
			sourceTree = "<group>";
		};
		A2BFC3A61E02D1D30060C191 /* Vendor */ = {
			isa = PBXGroup;
			children = (
				A2BFC4DF1E037A460060C191 /* MJPhotoBrowser */,
				A2BFC4EE1E037A460060C191 /* SDWebImage */,
				A2BFC50C1E037A460060C191 /* SVProgressHUD */,
				A2BFC5161E037A460060C191 /* YLGIFImage */,
				A2BFC3A71E02D1E20060C191 /* RFKeyboardToolbar */,
			);
			path = Vendor;
			sourceTree = "<group>";
		};
		A2BFC3A71E02D1E20060C191 /* RFKeyboardToolbar */ = {
			isa = PBXGroup;
			children = (
				A2BFC3A81E02D1E20060C191 /* RFKeyboardToolbar.h */,
				A2BFC3A91E02D1E20060C191 /* RFKeyboardToolbar.m */,
				A2BFC3AA1E02D1E20060C191 /* RFToolbarButton.h */,
				A2BFC3AB1E02D1E20060C191 /* RFToolbarButton.m */,
			);
			path = RFKeyboardToolbar;
			sourceTree = "<group>";
		};
		A2BFC3AE1E02D5260060C191 /* Util */ = {
			isa = PBXGroup;
			children = (
				A2BFC3AF1E02D5260060C191 /* Common */,
				A2BFC3B01E02D5260060C191 /* Manager */,
			);
			path = Util;
			sourceTree = "<group>";
		};
		A2BFC3AF1E02D5260060C191 /* Common */ = {
			isa = PBXGroup;
			children = (
			);
			path = Common;
			sourceTree = "<group>";
		};
		A2BFC3B01E02D5260060C191 /* Manager */ = {
			isa = PBXGroup;
			children = (
			);
			path = Manager;
			sourceTree = "<group>";
		};
		A2BFC4DF1E037A460060C191 /* MJPhotoBrowser */ = {
			isa = PBXGroup;
			children = (
				A2BFC4E01E037A460060C191 /* MJPhotoBrowser */,
			);
			path = MJPhotoBrowser;
			sourceTree = "<group>";
		};
		A2BFC4E01E037A460060C191 /* MJPhotoBrowser */ = {
			isa = PBXGroup;
			children = (
				A2BFC4E11E037A460060C191 /* MJPhoto.h */,
				A2BFC4E21E037A460060C191 /* MJPhoto.m */,
				A2BFC4E31E037A460060C191 /* MJPhotoBrowser.bundle */,
				A2BFC4E41E037A460060C191 /* MJPhotoBrowser.h */,
				A2BFC4E51E037A460060C191 /* MJPhotoBrowser.m */,
				A2BFC4E61E037A460060C191 /* MJPhotoLoadingView.h */,
				A2BFC4E71E037A460060C191 /* MJPhotoLoadingView.m */,
				A2BFC4E81E037A460060C191 /* MJPhotoProgressView.h */,
				A2BFC4E91E037A460060C191 /* MJPhotoProgressView.m */,
				A2BFC4EA1E037A460060C191 /* MJPhotoToolbar.h */,
				A2BFC4EB1E037A460060C191 /* MJPhotoToolbar.m */,
				A2BFC4EC1E037A460060C191 /* MJPhotoView.h */,
				A2BFC4ED1E037A460060C191 /* MJPhotoView.m */,
			);
			path = MJPhotoBrowser;
			sourceTree = "<group>";
		};
		A2BFC4EE1E037A460060C191 /* SDWebImage */ = {
			isa = PBXGroup;
			children = (
				A2BFC4EF1E037A460060C191 /* NSData+ImageContentType.h */,
				A2BFC4F01E037A460060C191 /* NSData+ImageContentType.m */,
				A2BFC4F11E037A460060C191 /* SDImageCache.h */,
				A2BFC4F21E037A460060C191 /* SDImageCache.m */,
				A2BFC4F31E037A460060C191 /* SDWebImageCompat.h */,
				A2BFC4F41E037A460060C191 /* SDWebImageCompat.m */,
				A2BFC4F51E037A460060C191 /* SDWebImageDecoder.h */,
				A2BFC4F61E037A460060C191 /* SDWebImageDecoder.m */,
				A2BFC4F71E037A460060C191 /* SDWebImageDownloader.h */,
				A2BFC4F81E037A460060C191 /* SDWebImageDownloader.m */,
				A2BFC4F91E037A460060C191 /* SDWebImageDownloaderOperation.h */,
				A2BFC4FA1E037A460060C191 /* SDWebImageDownloaderOperation.m */,
				A2BFC4FB1E037A460060C191 /* SDWebImageManager.h */,
				A2BFC4FC1E037A460060C191 /* SDWebImageManager.m */,
				A2BFC4FD1E037A460060C191 /* SDWebImageOperation.h */,
				A2BFC4FE1E037A460060C191 /* SDWebImagePrefetcher.h */,
				A2BFC4FF1E037A460060C191 /* SDWebImagePrefetcher.m */,
				A2BFC5001E037A460060C191 /* UIButton+WebCache.h */,
				A2BFC5011E037A460060C191 /* UIButton+WebCache.m */,
				A2BFC5021E037A460060C191 /* UIImage+GIF.h */,
				A2BFC5031E037A460060C191 /* UIImage+GIF.m */,
				A2BFC5041E037A460060C191 /* UIImage+MultiFormat.h */,
				A2BFC5051E037A460060C191 /* UIImage+MultiFormat.m */,
				A2BFC5061E037A460060C191 /* UIImageView+HighlightedWebCache.h */,
				A2BFC5071E037A460060C191 /* UIImageView+HighlightedWebCache.m */,
				A2BFC5081E037A460060C191 /* UIImageView+WebCache.h */,
				A2BFC5091E037A460060C191 /* UIImageView+WebCache.m */,
				A2BFC50A1E037A460060C191 /* UIView+WebCacheOperation.h */,
				A2BFC50B1E037A460060C191 /* UIView+WebCacheOperation.m */,
			);
			path = SDWebImage;
			sourceTree = "<group>";
		};
		A2BFC50C1E037A460060C191 /* SVProgressHUD */ = {
			isa = PBXGroup;
			children = (
				A2BFC50D1E037A460060C191 /* SVIndefiniteAnimatedView.h */,
				A2BFC50E1E037A460060C191 /* SVIndefiniteAnimatedView.m */,
				A2BFC50F1E037A460060C191 /* SVProgressAnimatedView.h */,
				A2BFC5101E037A460060C191 /* SVProgressAnimatedView.m */,
				A2BFC5111E037A460060C191 /* SVProgressHUD.bundle */,
				A2BFC5121E037A460060C191 /* SVProgressHUD.h */,
				A2BFC5131E037A460060C191 /* SVProgressHUD.m */,
				A2BFC5141E037A460060C191 /* SVRadialGradientLayer.h */,
				A2BFC5151E037A460060C191 /* SVRadialGradientLayer.m */,
			);
			path = SVProgressHUD;
			sourceTree = "<group>";
		};
		A2BFC5161E037A460060C191 /* YLGIFImage */ = {
			isa = PBXGroup;
			children = (
				A2BFC5171E037A460060C191 /* YLGIFImage.h */,
				A2BFC5181E037A460060C191 /* YLGIFImage.m */,
				A2BFC5191E037A460060C191 /* YLImageView.h */,
				A2BFC51A1E037A460060C191 /* YLImageView.m */,
			);
			path = YLGIFImage;
			sourceTree = "<group>";
		};
		A2BFC5371E037F660060C191 /* MJPhotoBrowser */ = {
			isa = PBXGroup;
			children = (
				A2BFC5381E037F660060C191 /* Controller */,
				A2BFC54D1E037F660060C191 /* Model */,
				A2BFC54E1E037F660060C191 /* View */,
			);
			path = MJPhotoBrowser;
			sourceTree = "<group>";
		};
		A2BFC5381E037F660060C191 /* Controller */ = {
			isa = PBXGroup;
			children = (
				A2BFC5621E037FA90060C191 /* MJPhotoBrowserViewController.h */,
				A2BFC5631E037FA90060C191 /* MJPhotoBrowserViewController.m */,
			);
			path = Controller;
			sourceTree = "<group>";
		};
		A2BFC54D1E037F660060C191 /* Model */ = {
			isa = PBXGroup;
			children = (
				A2BFC56E1E0392F20060C191 /* MJPhotoBrowserImageModel.h */,
				A2BFC56F1E0392F20060C191 /* MJPhotoBrowserImageModel.m */,
			);
			path = Model;
			sourceTree = "<group>";
		};
		A2BFC54E1E037F660060C191 /* View */ = {
			isa = PBXGroup;
			children = (
				A2BFC5651E038A0A0060C191 /* MJPhotoBrowserListView.h */,
				A2BFC5661E038A0A0060C191 /* MJPhotoBrowserListView.m */,
				A2BFC5681E038EC50060C191 /* MJPhotoBrowserCollectionViewCell.h */,
				A2BFC5691E038EC50060C191 /* MJPhotoBrowserCollectionViewCell.m */,
			);
			path = View;
			sourceTree = "<group>";
		};
		C2A650030DE89A5C038B4D38 /* Frameworks */ = {
			isa = PBXGroup;
			children = (
				910CC6469133200DA84FADA7 /* libPods-XDSThirdParty.a */,
			);
			name = Frameworks;
			sourceTree = "<group>";
		};
		D0AE0FD361B5690D75A89D22 /* Pods */ = {
			isa = PBXGroup;
			children = (
				5B67D5563E0CE7BEBC1CF8B4 /* Pods-XDSThirdParty.debug.xcconfig */,
				960AA33AC422DE470F89258C /* Pods-XDSThirdParty.release.xcconfig */,
			);
			name = Pods;
			sourceTree = "<group>";
		};
/* End PBXGroup section */

/* Begin PBXNativeTarget section */
		A269A0161E0153140083B333 /* XDSThirdParty */ = {
			isa = PBXNativeTarget;
			buildConfigurationList = A269A02E1E0153140083B333 /* Build configuration list for PBXNativeTarget "XDSThirdParty" */;
			buildPhases = (
				56596E2D00FE493A18074AD8 /* [CP] Check Pods Manifest.lock */,
				A269A0131E0153140083B333 /* Sources */,
				A269A0141E0153140083B333 /* Frameworks */,
				A269A0151E0153140083B333 /* Resources */,
				281C8C5CEC28B04786D451BA /* [CP] Embed Pods Frameworks */,
				7281119BCEB6F9C9DF6C7F24 /* [CP] Copy Pods Resources */,
			);
			buildRules = (
			);
			dependencies = (
			);
			name = XDSThirdParty;
			productName = XDSThirdParty;
			productReference = A269A0171E0153140083B333 /* XDSThirdParty.app */;
			productType = "com.apple.product-type.application";
		};
/* End PBXNativeTarget section */

/* Begin PBXProject section */
		A269A00F1E0153140083B333 /* Project object */ = {
			isa = PBXProject;
			attributes = {
				LastUpgradeCheck = 0810;
				ORGANIZATIONNAME = Hmily;
				TargetAttributes = {
					A269A0161E0153140083B333 = {
						CreatedOnToolsVersion = 8.1;
						DevelopmentTeam = 85W725W7AQ;
						ProvisioningStyle = Automatic;
					};
				};
			};
			buildConfigurationList = A269A0121E0153140083B333 /* Build configuration list for PBXProject "XDSThirdParty" */;
			compatibilityVersion = "Xcode 3.2";
			developmentRegion = English;
			hasScannedForEncodings = 0;
			knownRegions = (
				en,
				Base,
			);
			mainGroup = A269A00E1E0153140083B333;
			productRefGroup = A269A0181E0153140083B333 /* Products */;
			projectDirPath = "";
			projectRoot = "";
			targets = (
				A269A0161E0153140083B333 /* XDSThirdParty */,
			);
		};
/* End PBXProject section */

/* Begin PBXResourcesBuildPhase section */
		A269A0151E0153140083B333 /* Resources */ = {
			isa = PBXResourcesBuildPhase;
			buildActionMask = 2147483647;
			files = (
				A2A2F0C91E01A5400006BD5B /* 8.jpg in Resources */,
				A2A2F0DE1E024A920006BD5B /* blankpage_button_reload@2x.png in Resources */,
				A2A2F0C51E01A5400006BD5B /* 4.jpg in Resources */,
				A2A2F0C21E01A5400006BD5B /* 12.jpg in Resources */,
				A2A2F0C71E01A5400006BD5B /* 6.jpg in Resources */,
				A2A2F0C81E01A5400006BD5B /* 7.jpg in Resources */,
				A2BFC51C1E037A460060C191 /* MJPhotoBrowser.bundle in Resources */,
				A2A2F0BE1E01A5400006BD5B /* 0.jpg in Resources */,
				A269A02A1E0153140083B333 /* LaunchScreen.storyboard in Resources */,
				A2A2F0E11E024A920006BD5B /* blankpage_image_Sleep@2x.png in Resources */,
				A2A2F0E01E024A920006BD5B /* blankpage_image_loadFail@2x.png in Resources */,
				A2A2F0C31E01A5400006BD5B /* 2.jpg in Resources */,
				A269A0271E0153140083B333 /* Assets.xcassets in Resources */,
				A2A2F0C41E01A5400006BD5B /* 3.jpg in Resources */,
				A269A0251E0153140083B333 /* Main.storyboard in Resources */,
				A2A2F0C01E01A5400006BD5B /* 10.jpg in Resources */,
				A2A2F0C61E01A5400006BD5B /* 5.jpg in Resources */,
				A2A2F0CA1E01A5400006BD5B /* 9.jpg in Resources */,
				A2A2F0C11E01A5400006BD5B /* 11.jpg in Resources */,
				A2A2F0BF1E01A5400006BD5B /* 1.jpg in Resources */,
				A2A2F0DF1E024A920006BD5B /* blankpage_image_Hi@2x.png in Resources */,
				A2BFC5321E037A460060C191 /* SVProgressHUD.bundle in Resources */,
			);
			runOnlyForDeploymentPostprocessing = 0;
		};
/* End PBXResourcesBuildPhase section */

/* Begin PBXShellScriptBuildPhase section */
		281C8C5CEC28B04786D451BA /* [CP] Embed Pods Frameworks */ = {
			isa = PBXShellScriptBuildPhase;
			buildActionMask = 2147483647;
			files = (
			);
			inputPaths = (
			);
			name = "[CP] Embed Pods Frameworks";
			outputPaths = (
			);
			runOnlyForDeploymentPostprocessing = 0;
			shellPath = /bin/sh;
			shellScript = "\"${SRCROOT}/Pods/Target Support Files/Pods-XDSThirdParty/Pods-XDSThirdParty-frameworks.sh\"\n";
			showEnvVarsInLog = 0;
		};
		56596E2D00FE493A18074AD8 /* [CP] Check Pods Manifest.lock */ = {
			isa = PBXShellScriptBuildPhase;
			buildActionMask = 2147483647;
			files = (
			);
			inputPaths = (
			);
			name = "[CP] Check Pods Manifest.lock";
			outputPaths = (
			);
			runOnlyForDeploymentPostprocessing = 0;
			shellPath = /bin/sh;
			shellScript = "diff \"${PODS_ROOT}/../Podfile.lock\" \"${PODS_ROOT}/Manifest.lock\" > /dev/null\nif [ $? != 0 ] ; then\n    # print error to STDERR\n    echo \"error: The sandbox is not in sync with the Podfile.lock. Run 'pod install' or update your CocoaPods installation.\" >&2\n    exit 1\nfi\n";
			showEnvVarsInLog = 0;
		};
		7281119BCEB6F9C9DF6C7F24 /* [CP] Copy Pods Resources */ = {
			isa = PBXShellScriptBuildPhase;
			buildActionMask = 2147483647;
			files = (
			);
			inputPaths = (
			);
			name = "[CP] Copy Pods Resources";
			outputPaths = (
			);
			runOnlyForDeploymentPostprocessing = 0;
			shellPath = /bin/sh;
			shellScript = "\"${SRCROOT}/Pods/Target Support Files/Pods-XDSThirdParty/Pods-XDSThirdParty-resources.sh\"\n";
			showEnvVarsInLog = 0;
		};
/* End PBXShellScriptBuildPhase section */

/* Begin PBXSourcesBuildPhase section */
		A269A0131E0153140083B333 /* Sources */ = {
			isa = PBXSourcesBuildPhase;
			buildActionMask = 2147483647;
			files = (
				A269A01F1E0153140083B333 /* AppDelegate.m in Sources */,
				A2BFC5351E037A460060C191 /* YLGIFImage.m in Sources */,
				A2BFC51B1E037A460060C191 /* MJPhoto.m in Sources */,
				A269A01C1E0153140083B333 /* main.m in Sources */,
				A2A2F0D61E0246A70006BD5B /* EaseBlankPageView.m in Sources */,
				A2BFC52F1E037A460060C191 /* UIView+WebCacheOperation.m in Sources */,
				A2BFC5331E037A460060C191 /* SVProgressHUD.m in Sources */,
				A2A2F0AC1E017FCB0006BD5B /* AndroidFragementViewController.m in Sources */,
				A2BFC5281E037A460060C191 /* SDWebImageManager.m in Sources */,
				A2BFC5251E037A460060C191 /* SDWebImageDecoder.m in Sources */,
				A269A03A1E0155540083B333 /* iCarouselViewController.m in Sources */,
				A269A0371E0154350083B333 /* MainTableViewController.m in Sources */,
				A2BFC5701E0392F20060C191 /* MJPhotoBrowserImageModel.m in Sources */,
				A2BFC5341E037A460060C191 /* SVRadialGradientLayer.m in Sources */,
				A2BFC5291E037A460060C191 /* SDWebImagePrefetcher.m in Sources */,
				A2BFC52E1E037A460060C191 /* UIImageView+WebCache.m in Sources */,
				A2BFC3AC1E02D1E20060C191 /* RFKeyboardToolbar.m in Sources */,
				A2BFC3A51E02D0C50060C191 /* EaseMarkdownTextView.m in Sources */,
				A2BFC5201E037A460060C191 /* MJPhotoToolbar.m in Sources */,
				A2BFC52B1E037A460060C191 /* UIImage+GIF.m in Sources */,
				A2BFC5221E037A460060C191 /* NSData+ImageContentType.m in Sources */,
				A2BFC5241E037A460060C191 /* SDWebImageCompat.m in Sources */,
				A2BFC56A1E038EC50060C191 /* MJPhotoBrowserCollectionViewCell.m in Sources */,
				A2BFC5641E037FA90060C191 /* MJPhotoBrowserViewController.m in Sources */,
				A2BFC5211E037A460060C191 /* MJPhotoView.m in Sources */,
				A2BFC51E1E037A460060C191 /* MJPhotoLoadingView.m in Sources */,
				A2BFC5231E037A460060C191 /* SDImageCache.m in Sources */,
				A2BFC5261E037A460060C191 /* SDWebImageDownloader.m in Sources */,
				A2A2F0A91E01772A0006BD5B /* iCarouselTableView.m in Sources */,
				A2BFC5301E037A460060C191 /* SVIndefiniteAnimatedView.m in Sources */,
				A2BFC51D1E037A460060C191 /* MJPhotoBrowser.m in Sources */,
				A2BFC52C1E037A460060C191 /* UIImage+MultiFormat.m in Sources */,
				A2BFC52A1E037A460060C191 /* UIButton+WebCache.m in Sources */,
				A2BFC3A21E02CE0F0060C191 /* UIPlaceHolderTextView.m in Sources */,
				A2BFC5671E038A0A0060C191 /* MJPhotoBrowserListView.m in Sources */,
				A2BFC5361E037A460060C191 /* YLImageView.m in Sources */,
				A2BFC51F1E037A460060C191 /* MJPhotoProgressView.m in Sources */,
				A2BFC5271E037A460060C191 /* SDWebImageDownloaderOperation.m in Sources */,
				A2BFC3AD1E02D1E20060C191 /* RFToolbarButton.m in Sources */,
				A2BFC5311E037A460060C191 /* SVProgressAnimatedView.m in Sources */,
				A2BFC52D1E037A460060C191 /* UIImageView+HighlightedWebCache.m in Sources */,
				A2A2F0AF1E019B880006BD5B /* MultiTaskManagerViewController.m in Sources */,
				A2A2F0D31E02450C0006BD5B /* UIView+Common.m in Sources */,
			);
			runOnlyForDeploymentPostprocessing = 0;
		};
/* End PBXSourcesBuildPhase section */

/* Begin PBXVariantGroup section */
		A269A0231E0153140083B333 /* Main.storyboard */ = {
			isa = PBXVariantGroup;
			children = (
				A269A0241E0153140083B333 /* Base */,
			);
			name = Main.storyboard;
			sourceTree = "<group>";
		};
		A269A0281E0153140083B333 /* LaunchScreen.storyboard */ = {
			isa = PBXVariantGroup;
			children = (
				A269A0291E0153140083B333 /* Base */,
			);
			name = LaunchScreen.storyboard;
			sourceTree = "<group>";
		};
/* End PBXVariantGroup section */

/* Begin XCBuildConfiguration section */
		A269A02C1E0153140083B333 /* Debug */ = {
			isa = XCBuildConfiguration;
			buildSettings = {
				ALWAYS_SEARCH_USER_PATHS = NO;
				CLANG_ANALYZER_NONNULL = YES;
				CLANG_CXX_LANGUAGE_STANDARD = "gnu++0x";
				CLANG_CXX_LIBRARY = "libc++";
				CLANG_ENABLE_MODULES = YES;
				CLANG_ENABLE_OBJC_ARC = YES;
				CLANG_WARN_BOOL_CONVERSION = YES;
				CLANG_WARN_CONSTANT_CONVERSION = YES;
				CLANG_WARN_DIRECT_OBJC_ISA_USAGE = YES_ERROR;
				CLANG_WARN_DOCUMENTATION_COMMENTS = YES;
				CLANG_WARN_EMPTY_BODY = YES;
				CLANG_WARN_ENUM_CONVERSION = YES;
				CLANG_WARN_INFINITE_RECURSION = YES;
				CLANG_WARN_INT_CONVERSION = YES;
				CLANG_WARN_OBJC_ROOT_CLASS = YES_ERROR;
				CLANG_WARN_SUSPICIOUS_MOVE = YES;
				CLANG_WARN_SUSPICIOUS_MOVES = YES;
				CLANG_WARN_UNREACHABLE_CODE = YES;
				CLANG_WARN__DUPLICATE_METHOD_MATCH = YES;
				"CODE_SIGN_IDENTITY[sdk=iphoneos*]" = "iPhone Developer";
				COPY_PHASE_STRIP = NO;
				DEBUG_INFORMATION_FORMAT = dwarf;
				ENABLE_STRICT_OBJC_MSGSEND = YES;
				ENABLE_TESTABILITY = YES;
				GCC_C_LANGUAGE_STANDARD = gnu99;
				GCC_DYNAMIC_NO_PIC = NO;
				GCC_NO_COMMON_BLOCKS = YES;
				GCC_OPTIMIZATION_LEVEL = 0;
				GCC_PREPROCESSOR_DEFINITIONS = (
					"DEBUG=1",
					"$(inherited)",
				);
				GCC_WARN_64_TO_32_BIT_CONVERSION = YES;
				GCC_WARN_ABOUT_RETURN_TYPE = YES_ERROR;
				GCC_WARN_UNDECLARED_SELECTOR = YES;
				GCC_WARN_UNINITIALIZED_AUTOS = YES_AGGRESSIVE;
				GCC_WARN_UNUSED_FUNCTION = YES;
				GCC_WARN_UNUSED_VARIABLE = YES;
				IPHONEOS_DEPLOYMENT_TARGET = 10.1;
				MTL_ENABLE_DEBUG_INFO = YES;
				ONLY_ACTIVE_ARCH = YES;
				SDKROOT = iphoneos;
			};
			name = Debug;
		};
		A269A02D1E0153140083B333 /* Release */ = {
			isa = XCBuildConfiguration;
			buildSettings = {
				ALWAYS_SEARCH_USER_PATHS = NO;
				CLANG_ANALYZER_NONNULL = YES;
				CLANG_CXX_LANGUAGE_STANDARD = "gnu++0x";
				CLANG_CXX_LIBRARY = "libc++";
				CLANG_ENABLE_MODULES = YES;
				CLANG_ENABLE_OBJC_ARC = YES;
				CLANG_WARN_BOOL_CONVERSION = YES;
				CLANG_WARN_CONSTANT_CONVERSION = YES;
				CLANG_WARN_DIRECT_OBJC_ISA_USAGE = YES_ERROR;
				CLANG_WARN_DOCUMENTATION_COMMENTS = YES;
				CLANG_WARN_EMPTY_BODY = YES;
				CLANG_WARN_ENUM_CONVERSION = YES;
				CLANG_WARN_INFINITE_RECURSION = YES;
				CLANG_WARN_INT_CONVERSION = YES;
				CLANG_WARN_OBJC_ROOT_CLASS = YES_ERROR;
				CLANG_WARN_SUSPICIOUS_MOVE = YES;
				CLANG_WARN_SUSPICIOUS_MOVES = YES;
				CLANG_WARN_UNREACHABLE_CODE = YES;
				CLANG_WARN__DUPLICATE_METHOD_MATCH = YES;
				"CODE_SIGN_IDENTITY[sdk=iphoneos*]" = "iPhone Developer";
				COPY_PHASE_STRIP = NO;
				DEBUG_INFORMATION_FORMAT = "dwarf-with-dsym";
				ENABLE_NS_ASSERTIONS = NO;
				ENABLE_STRICT_OBJC_MSGSEND = YES;
				GCC_C_LANGUAGE_STANDARD = gnu99;
				GCC_NO_COMMON_BLOCKS = YES;
				GCC_WARN_64_TO_32_BIT_CONVERSION = YES;
				GCC_WARN_ABOUT_RETURN_TYPE = YES_ERROR;
				GCC_WARN_UNDECLARED_SELECTOR = YES;
				GCC_WARN_UNINITIALIZED_AUTOS = YES_AGGRESSIVE;
				GCC_WARN_UNUSED_FUNCTION = YES;
				GCC_WARN_UNUSED_VARIABLE = YES;
				IPHONEOS_DEPLOYMENT_TARGET = 10.1;
				MTL_ENABLE_DEBUG_INFO = NO;
				SDKROOT = iphoneos;
				VALIDATE_PRODUCT = YES;
			};
			name = Release;
		};
		A269A02F1E0153140083B333 /* Debug */ = {
			isa = XCBuildConfiguration;
			baseConfigurationReference = 5B67D5563E0CE7BEBC1CF8B4 /* Pods-XDSThirdParty.debug.xcconfig */;
			buildSettings = {
				ASSETCATALOG_COMPILER_APPICON_NAME = AppIcon;
				DEVELOPMENT_TEAM = 85W725W7AQ;
				INFOPLIST_FILE = XDSThirdParty/Info.plist;
				IPHONEOS_DEPLOYMENT_TARGET = 8.0;
				LD_RUNPATH_SEARCH_PATHS = "$(inherited) @executable_path/Frameworks";
				PRODUCT_BUNDLE_IDENTIFIER = com.creditonline.XDSThirdParty;
				PRODUCT_NAME = "$(TARGET_NAME)";
			};
			name = Debug;
		};
		A269A0301E0153140083B333 /* Release */ = {
			isa = XCBuildConfiguration;
			baseConfigurationReference = 960AA33AC422DE470F89258C /* Pods-XDSThirdParty.release.xcconfig */;
			buildSettings = {
				ASSETCATALOG_COMPILER_APPICON_NAME = AppIcon;
				DEVELOPMENT_TEAM = 85W725W7AQ;
				INFOPLIST_FILE = XDSThirdParty/Info.plist;
				IPHONEOS_DEPLOYMENT_TARGET = 8.0;
				LD_RUNPATH_SEARCH_PATHS = "$(inherited) @executable_path/Frameworks";
				PRODUCT_BUNDLE_IDENTIFIER = com.creditonline.XDSThirdParty;
				PRODUCT_NAME = "$(TARGET_NAME)";
			};
			name = Release;
		};
/* End XCBuildConfiguration section */

/* Begin XCConfigurationList section */
		A269A0121E0153140083B333 /* Build configuration list for PBXProject "XDSThirdParty" */ = {
			isa = XCConfigurationList;
			buildConfigurations = (
				A269A02C1E0153140083B333 /* Debug */,
				A269A02D1E0153140083B333 /* Release */,
			);
			defaultConfigurationIsVisible = 0;
			defaultConfigurationName = Release;
		};
		A269A02E1E0153140083B333 /* Build configuration list for PBXNativeTarget "XDSThirdParty" */ = {
			isa = XCConfigurationList;
			buildConfigurations = (
				A269A02F1E0153140083B333 /* Debug */,
				A269A0301E0153140083B333 /* Release */,
			);
			defaultConfigurationIsVisible = 0;
			defaultConfigurationName = Release;
		};
/* End XCConfigurationList section */
	};
	rootObject = A269A00F1E0153140083B333 /* Project object */;
}
